
Microsoft Visual Studio Solution File, Format Version 12.00
# Visual Studio Version 16
VisualStudioVersion = 16.0.30621.155
MinimumVisualStudioVersion = 10.0.40219.1
Project("{8BC9CEB8-8B4A-11D0-8D11-00A0C91BC942}") = "prosit", "prosit\prosit.vcxproj", "{25CA3A6F-9096-4462-8437-FCEEB0B0291F}"
EndProject
Global
	GlobalSection(SolutionConfigurationPlatforms) = preSolution
		Debug|x64 = Debug|x64
		Debug|x86 = Debug|x86
		Release|x64 = Release|x64
		Release|x86 = Release|x86
	EndGlobalSection
	GlobalSection(ProjectConfigurationPlatforms) = postSolution
		{25CA3A6F-9096-4462-8437-FCEEB0B0291F}.Debug|x64.ActiveCfg = Debug|x64
		{25CA3A6F-9096-4462-8437-FCEEB0B0291F}.Debug|x64.Build.0 = Debug|x64
		{25CA3A6F-9096-4462-8437-FCEEB0B0291F}.Debug|x86.ActiveCfg = Debug|Win32
		{25CA3A6F-9096-4462-8437-FCEEB0B0291F}.Debug|x86.Build.0 = Debug|Win32
		{25CA3A6F-9096-4462-8437-FCEEB0B0291F}.Release|x64.ActiveCfg = Release|x64
		{25CA3A6F-9096-4462-8437-FCEEB0B0291F}.Release|x64.Build.0 = Release|x64
		{25CA3A6F-9096-4462-8437-FCEEB0B0291F}.Release|x86.ActiveCfg = Release|Win32
		{25CA3A6F-9096-4462-8437-FCEEB0B0291F}.Release|x86.Build.0 = Release|Win32
	EndGlobalSection
	GlobalSection(SolutionProperties) = preSolution
		HideSolutionNode = FALSE
	EndGlobalSection
	GlobalSection(ExtensibilityGlobals) = postSolution
		SolutionGuid = {A7CCEFBB-5B82-43E9-AEE0-6B21B4C7B376}
	EndGlobalSection
EndGlobal
